// !$*UTF8*$!
{
	archiveVersion = 1;
	classes = {
	};
	objectVersion = 54;
	objects = {

/* Begin PBXBuildFile section */
		00E356F31AD99517003FC87E /* CircleTests.m in Sources */ = {isa = PBXBuildFile; fileRef = 00E356F21AD99517003FC87E /* CircleTests.m */; };
		0C80B921A6F3F58F76C31292 /* libPods-Circle.a in Frameworks */ = {isa = PBXBuildFile; fileRef = 5DCACB8F33CDC322A6C60F78 /* libPods-Circle.a */; };
		13B07FBC1A68108700A75B9A /* AppDelegate.mm in Sources */ = {isa = PBXBuildFile; fileRef = 13B07FB01A68108700A75B9A /* AppDelegate.mm */; };
		13B07FBF1A68108700A75B9A /* Images.xcassets in Resources */ = {isa = PBXBuildFile; fileRef = 13B07FB51A68108700A75B9A /* Images.xcassets */; };
		13B07FC11A68108700A75B9A /* main.m in Sources */ = {isa = PBXBuildFile; fileRef = 13B07FB71A68108700A75B9A /* main.m */; };
		7699B88040F8A987B510C191 /* libPods-Circle-CircleTests.a in Frameworks */ = {isa = PBXBuildFile; fileRef = 19F6CBCC0A4E27FBF8BF4A61 /* libPods-Circle-CircleTests.a */; };
		81AB9BB82411601600AC10FF /* LaunchScreen.storyboard in Resources */ = {isa = PBXBuildFile; fileRef = 81AB9BB72411601600AC10FF /* LaunchScreen.storyboard */; };
		8D81CBF228034D9FB8F95CA4 /* Reality Sunday light.ttf in Resources */ = {isa = PBXBuildFile; fileRef = E9DD20E31ECB4DCAB9D771E7 /* Reality Sunday light.ttf */; };
		A70329624712425B8AD31C20 /* Reality Sunday.ttf in Resources */ = {isa = PBXBuildFile; fileRef = 248F45E23F954DFCBDE2BE05 /* Reality Sunday.ttf */; };
		59DF4E0D55534CF5B9DF7EF2 /* RaptorV3Premium-Black.ttf in Resources */ = {isa = PBXBuildFile; fileRef = 1A3065CADB6048CDB260BCEB /* RaptorV3Premium-Black.ttf */; };
		D3CF64F3EAF9480DBFAF1B40 /* RaptorV3Premium-BlackSlanted.ttf in Resources */ = {isa = PBXBuildFile; fileRef = FB4A66259A324BE5BF642FAE /* RaptorV3Premium-BlackSlanted.ttf */; };
		F7209CE02AD94D5BB905FBA4 /* RaptorV3Premium-Bold.ttf in Resources */ = {isa = PBXBuildFile; fileRef = 4542DAACEDCF45E7A14165B6 /* RaptorV3Premium-Bold.ttf */; };
		B11DF87FC2EF4DC980A923D8 /* RaptorV3Premium-BoldSlanted.ttf in Resources */ = {isa = PBXBuildFile; fileRef = DCA8A769B508457C8F324E67 /* RaptorV3Premium-BoldSlanted.ttf */; };
		57BCA8639D3E4DBCAE7B89FF /* RaptorV3Premium-Light.ttf in Resources */ = {isa = PBXBuildFile; fileRef = 07095E7BBB054E6DA7D376B8 /* RaptorV3Premium-Light.ttf */; };
		E1ED4768C57941EEAAA9F30B /* RaptorV3Premium-LightSlanted.ttf in Resources */ = {isa = PBXBuildFile; fileRef = 3658A075A0354248846B017B /* RaptorV3Premium-LightSlanted.ttf */; };
		CA939F42E7884C2CBCAB62D8 /* RaptorV3Premium-Medium.ttf in Resources */ = {isa = PBXBuildFile; fileRef = C924F814084E492692D4206B /* RaptorV3Premium-Medium.ttf */; };
		8C2B9CEAAA3B454C979BD181 /* RaptorV3Premium-MediumSlanted.ttf in Resources */ = {isa = PBXBuildFile; fileRef = A1CB1AD09D1C47BCA55C1D85 /* RaptorV3Premium-MediumSlanted.ttf */; };
		E103DBA89CF542B7A6097FCD /* RaptorV3Premium-Regular.ttf in Resources */ = {isa = PBXBuildFile; fileRef = 224C476764C842DEA2259553 /* RaptorV3Premium-Regular.ttf */; };
		FA6D067EE1DB42A29718B2A2 /* RaptorV3Premium-RegularSlanted.ttf in Resources */ = {isa = PBXBuildFile; fileRef = 6F9DFEDF58FB49FE927F2406 /* RaptorV3Premium-RegularSlanted.ttf */; };
		41904ED45607419CBBD817DD /* RaptorV3Premium-Semibold.ttf in Resources */ = {isa = PBXBuildFile; fileRef = 02874AE634DF45C486FAE84A /* RaptorV3Premium-Semibold.ttf */; };
		7CC5D416586042E489FA2285 /* RaptorV3Premium-SemiboldSlanted.ttf in Resources */ = {isa = PBXBuildFile; fileRef = A823C54E05414DB9A2D2D481 /* RaptorV3Premium-SemiboldSlanted.ttf */; };
		C3BCDE44C5FE4E9B99E57EBE /* RedHatDisplay-Black.ttf in Resources */ = {isa = PBXBuildFile; fileRef = D06FE20AFC9B4F848553F927 /* RedHatDisplay-Black.ttf */; };
		F648DC732F974649A8714D6F /* RedHatDisplay-BlackItalic.ttf in Resources */ = {isa = PBXBuildFile; fileRef = 2B8EA756BFF4453FA901DEB6 /* RedHatDisplay-BlackItalic.ttf */; };
		44ABA7D6E4B0498F82EE2BC3 /* RedHatDisplay-Bold.ttf in Resources */ = {isa = PBXBuildFile; fileRef = 9ACBDC175226489FAC1C1A6D /* RedHatDisplay-Bold.ttf */; };
		10214B9B549C41EB81995A0C /* RedHatDisplay-BoldItalic.ttf in Resources */ = {isa = PBXBuildFile; fileRef = 96C35E1DE766433D96CEB768 /* RedHatDisplay-BoldItalic.ttf */; };
		0A9DD51771AA4EE4ADBC8D46 /* RedHatDisplay-Italic.ttf in Resources */ = {isa = PBXBuildFile; fileRef = 0E0C282F3C3D45AB8C19E97C /* RedHatDisplay-Italic.ttf */; };
		707B93594AD941C3B445831F /* RedHatDisplay-Medium.ttf in Resources */ = {isa = PBXBuildFile; fileRef = 48DB5F9B63034B1C92877FE6 /* RedHatDisplay-Medium.ttf */; };
		3971F68C593C48F5BA46ADA9 /* RedHatDisplay-MediumItalic.ttf in Resources */ = {isa = PBXBuildFile; fileRef = A32003FA3CCF485FBDE459DD /* RedHatDisplay-MediumItalic.ttf */; };
		ADD88B0A68A14AC7942294CD /* RedHatDisplay-Regular.ttf in Resources */ = {isa = PBXBuildFile; fileRef = AFE507FB3FCE48FAACD559B2 /* RedHatDisplay-Regular.ttf */; };
		C01297738E74432CA9F3F5AB /* segoeui.ttf in Resources */ = {isa = PBXBuildFile; fileRef = DDCC9723582B4B4F8A6D549B /* segoeui.ttf */; };
		3BA91210D995406BA21426B2 /* segoeuib.ttf in Resources */ = {isa = PBXBuildFile; fileRef = 4ECE60C58240409383A3D695 /* segoeuib.ttf */; };
/* End PBXBuildFile section */

/* Begin PBXContainerItemProxy section */
		00E356F41AD99517003FC87E /* PBXContainerItemProxy */ = {
			isa = PBXContainerItemProxy;
			containerPortal = 83CBB9F71A601CBA00E9B192 /* Project object */;
			proxyType = 1;
			remoteGlobalIDString = 13B07F861A680F5B00A75B9A;
			remoteInfo = Circle;
		};
/* End PBXContainerItemProxy section */

/* Begin PBXFileReference section */
		00E356EE1AD99517003FC87E /* CircleTests.xctest */ = {isa = PBXFileReference; explicitFileType = wrapper.cfbundle; includeInIndex = 0; path = CircleTests.xctest; sourceTree = BUILT_PRODUCTS_DIR; };
		00E356F11AD99517003FC87E /* Info.plist */ = {isa = PBXFileReference; lastKnownFileType = text.plist.xml; path = Info.plist; sourceTree = "<group>"; };
		00E356F21AD99517003FC87E /* CircleTests.m */ = {isa = PBXFileReference; lastKnownFileType = sourcecode.c.objc; path = CircleTests.m; sourceTree = "<group>"; };
		13B07F961A680F5B00A75B9A /* Circle.app */ = {isa = PBXFileReference; explicitFileType = wrapper.application; includeInIndex = 0; path = Circle.app; sourceTree = BUILT_PRODUCTS_DIR; };
		13B07FAF1A68108700A75B9A /* AppDelegate.h */ = {isa = PBXFileReference; fileEncoding = 4; lastKnownFileType = sourcecode.c.h; name = AppDelegate.h; path = Circle/AppDelegate.h; sourceTree = "<group>"; };
		13B07FB01A68108700A75B9A /* AppDelegate.mm */ = {isa = PBXFileReference; fileEncoding = 4; lastKnownFileType = sourcecode.cpp.objcpp; name = AppDelegate.mm; path = Circle/AppDelegate.mm; sourceTree = "<group>"; };
		13B07FB51A68108700A75B9A /* Images.xcassets */ = {isa = PBXFileReference; lastKnownFileType = folder.assetcatalog; name = Images.xcassets; path = Circle/Images.xcassets; sourceTree = "<group>"; };
		13B07FB61A68108700A75B9A /* Info.plist */ = {isa = PBXFileReference; fileEncoding = 4; lastKnownFileType = text.plist.xml; name = Info.plist; path = Circle/Info.plist; sourceTree = "<group>"; };
		13B07FB71A68108700A75B9A /* main.m */ = {isa = PBXFileReference; fileEncoding = 4; lastKnownFileType = sourcecode.c.objc; name = main.m; path = Circle/main.m; sourceTree = "<group>"; };
		19F6CBCC0A4E27FBF8BF4A61 /* libPods-Circle-CircleTests.a */ = {isa = PBXFileReference; explicitFileType = archive.ar; includeInIndex = 0; path = "libPods-Circle-CircleTests.a"; sourceTree = BUILT_PRODUCTS_DIR; };
		3B4392A12AC88292D35C810B /* Pods-Circle.debug.xcconfig */ = {isa = PBXFileReference; includeInIndex = 1; lastKnownFileType = text.xcconfig; name = "Pods-Circle.debug.xcconfig"; path = "Target Support Files/Pods-Circle/Pods-Circle.debug.xcconfig"; sourceTree = "<group>"; };
		5709B34CF0A7D63546082F79 /* Pods-Circle.release.xcconfig */ = {isa = PBXFileReference; includeInIndex = 1; lastKnownFileType = text.xcconfig; name = "Pods-Circle.release.xcconfig"; path = "Target Support Files/Pods-Circle/Pods-Circle.release.xcconfig"; sourceTree = "<group>"; };
		5B7EB9410499542E8C5724F5 /* Pods-Circle-CircleTests.debug.xcconfig */ = {isa = PBXFileReference; includeInIndex = 1; lastKnownFileType = text.xcconfig; name = "Pods-Circle-CircleTests.debug.xcconfig"; path = "Target Support Files/Pods-Circle-CircleTests/Pods-Circle-CircleTests.debug.xcconfig"; sourceTree = "<group>"; };
		5DCACB8F33CDC322A6C60F78 /* libPods-Circle.a */ = {isa = PBXFileReference; explicitFileType = archive.ar; includeInIndex = 0; path = "libPods-Circle.a"; sourceTree = BUILT_PRODUCTS_DIR; };
		81AB9BB72411601600AC10FF /* LaunchScreen.storyboard */ = {isa = PBXFileReference; fileEncoding = 4; lastKnownFileType = file.storyboard; name = LaunchScreen.storyboard; path = Circle/LaunchScreen.storyboard; sourceTree = "<group>"; };
		89C6BE57DB24E9ADA2F236DE /* Pods-Circle-CircleTests.release.xcconfig */ = {isa = PBXFileReference; includeInIndex = 1; lastKnownFileType = text.xcconfig; name = "Pods-Circle-CircleTests.release.xcconfig"; path = "Target Support Files/Pods-Circle-CircleTests/Pods-Circle-CircleTests.release.xcconfig"; sourceTree = "<group>"; };
		ED297162215061F000B7C4FE /* JavaScriptCore.framework */ = {isa = PBXFileReference; lastKnownFileType = wrapper.framework; name = JavaScriptCore.framework; path = System/Library/Frameworks/JavaScriptCore.framework; sourceTree = SDKROOT; };
		E9DD20E31ECB4DCAB9D771E7 /* Reality Sunday light.ttf */ = {isa = PBXFileReference; name = "Reality Sunday light.ttf"; path = "../src/assets/fonts/Reality Sunday light.ttf"; sourceTree = "<group>"; fileEncoding = undefined; lastKnownFileType = unknown; explicitFileType = undefined; includeInIndex = 0; };
		248F45E23F954DFCBDE2BE05 /* Reality Sunday.ttf */ = {isa = PBXFileReference; name = "Reality Sunday.ttf"; path = "../src/assets/fonts/Reality Sunday.ttf"; sourceTree = "<group>"; fileEncoding = undefined; lastKnownFileType = unknown; explicitFileType = undefined; includeInIndex = 0; };
		1A3065CADB6048CDB260BCEB /* RaptorV3Premium-Black.ttf */ = {isa = PBXFileReference; name = "RaptorV3Premium-Black.ttf"; path = "../src/assets/fonts/RaptorV3Premium-Black.ttf"; sourceTree = "<group>"; fileEncoding = undefined; lastKnownFileType = unknown; explicitFileType = undefined; includeInIndex = 0; };
		FB4A66259A324BE5BF642FAE /* RaptorV3Premium-BlackSlanted.ttf */ = {isa = PBXFileReference; name = "RaptorV3Premium-BlackSlanted.ttf"; path = "../src/assets/fonts/RaptorV3Premium-BlackSlanted.ttf"; sourceTree = "<group>"; fileEncoding = undefined; lastKnownFileType = unknown; explicitFileType = undefined; includeInIndex = 0; };
		4542DAACEDCF45E7A14165B6 /* RaptorV3Premium-Bold.ttf */ = {isa = PBXFileReference; name = "RaptorV3Premium-Bold.ttf"; path = "../src/assets/fonts/RaptorV3Premium-Bold.ttf"; sourceTree = "<group>"; fileEncoding = undefined; lastKnownFileType = unknown; explicitFileType = undefined; includeInIndex = 0; };
		DCA8A769B508457C8F324E67 /* RaptorV3Premium-BoldSlanted.ttf */ = {isa = PBXFileReference; name = "RaptorV3Premium-BoldSlanted.ttf"; path = "../src/assets/fonts/RaptorV3Premium-BoldSlanted.ttf"; sourceTree = "<group>"; fileEncoding = undefined; lastKnownFileType = unknown; explicitFileType = undefined; includeInIndex = 0; };
		07095E7BBB054E6DA7D376B8 /* RaptorV3Premium-Light.ttf */ = {isa = PBXFileReference; name = "RaptorV3Premium-Light.ttf"; path = "../src/assets/fonts/RaptorV3Premium-Light.ttf"; sourceTree = "<group>"; fileEncoding = undefined; lastKnownFileType = unknown; explicitFileType = undefined; includeInIndex = 0; };
		3658A075A0354248846B017B /* RaptorV3Premium-LightSlanted.ttf */ = {isa = PBXFileReference; name = "RaptorV3Premium-LightSlanted.ttf"; path = "../src/assets/fonts/RaptorV3Premium-LightSlanted.ttf"; sourceTree = "<group>"; fileEncoding = undefined; lastKnownFileType = unknown; explicitFileType = undefined; includeInIndex = 0; };
		C924F814084E492692D4206B /* RaptorV3Premium-Medium.ttf */ = {isa = PBXFileReference; name = "RaptorV3Premium-Medium.ttf"; path = "../src/assets/fonts/RaptorV3Premium-Medium.ttf"; sourceTree = "<group>"; fileEncoding = undefined; lastKnownFileType = unknown; explicitFileType = undefined; includeInIndex = 0; };
		A1CB1AD09D1C47BCA55C1D85 /* RaptorV3Premium-MediumSlanted.ttf */ = {isa = PBXFileReference; name = "RaptorV3Premium-MediumSlanted.ttf"; path = "../src/assets/fonts/RaptorV3Premium-MediumSlanted.ttf"; sourceTree = "<group>"; fileEncoding = undefined; lastKnownFileType = unknown; explicitFileType = undefined; includeInIndex = 0; };
		224C476764C842DEA2259553 /* RaptorV3Premium-Regular.ttf */ = {isa = PBXFileReference; name = "RaptorV3Premium-Regular.ttf"; path = "../src/assets/fonts/RaptorV3Premium-Regular.ttf"; sourceTree = "<group>"; fileEncoding = undefined; lastKnownFileType = unknown; explicitFileType = undefined; includeInIndex = 0; };
		6F9DFEDF58FB49FE927F2406 /* RaptorV3Premium-RegularSlanted.ttf */ = {isa = PBXFileReference; name = "RaptorV3Premium-RegularSlanted.ttf"; path = "../src/assets/fonts/RaptorV3Premium-RegularSlanted.ttf"; sourceTree = "<group>"; fileEncoding = undefined; lastKnownFileType = unknown; explicitFileType = undefined; includeInIndex = 0; };
		02874AE634DF45C486FAE84A /* RaptorV3Premium-Semibold.ttf */ = {isa = PBXFileReference; name = "RaptorV3Premium-Semibold.ttf"; path = "../src/assets/fonts/RaptorV3Premium-Semibold.ttf"; sourceTree = "<group>"; fileEncoding = undefined; lastKnownFileType = unknown; explicitFileType = undefined; includeInIndex = 0; };
		A823C54E05414DB9A2D2D481 /* RaptorV3Premium-SemiboldSlanted.ttf */ = {isa = PBXFileReference; name = "RaptorV3Premium-SemiboldSlanted.ttf"; path = "../src/assets/fonts/RaptorV3Premium-SemiboldSlanted.ttf"; sourceTree = "<group>"; fileEncoding = undefined; lastKnownFileType = unknown; explicitFileType = undefined; includeInIndex = 0; };
		D06FE20AFC9B4F848553F927 /* RedHatDisplay-Black.ttf */ = {isa = PBXFileReference; name = "RedHatDisplay-Black.ttf"; path = "../src/assets/fonts/RedHatDisplay-Black.ttf"; sourceTree = "<group>"; fileEncoding = undefined; lastKnownFileType = unknown; explicitFileType = undefined; includeInIndex = 0; };
		2B8EA756BFF4453FA901DEB6 /* RedHatDisplay-BlackItalic.ttf */ = {isa = PBXFileReference; name = "RedHatDisplay-BlackItalic.ttf"; path = "../src/assets/fonts/RedHatDisplay-BlackItalic.ttf"; sourceTree = "<group>"; fileEncoding = undefined; lastKnownFileType = unknown; explicitFileType = undefined; includeInIndex = 0; };
		9ACBDC175226489FAC1C1A6D /* RedHatDisplay-Bold.ttf */ = {isa = PBXFileReference; name = "RedHatDisplay-Bold.ttf"; path = "../src/assets/fonts/RedHatDisplay-Bold.ttf"; sourceTree = "<group>"; fileEncoding = undefined; lastKnownFileType = unknown; explicitFileType = undefined; includeInIndex = 0; };
		96C35E1DE766433D96CEB768 /* RedHatDisplay-BoldItalic.ttf */ = {isa = PBXFileReference; name = "RedHatDisplay-BoldItalic.ttf"; path = "../src/assets/fonts/RedHatDisplay-BoldItalic.ttf"; sourceTree = "<group>"; fileEncoding = undefined; lastKnownFileType = unknown; explicitFileType = undefined; includeInIndex = 0; };
		0E0C282F3C3D45AB8C19E97C /* RedHatDisplay-Italic.ttf */ = {isa = PBXFileReference; name = "RedHatDisplay-Italic.ttf"; path = "../src/assets/fonts/RedHatDisplay-Italic.ttf"; sourceTree = "<group>"; fileEncoding = undefined; lastKnownFileType = unknown; explicitFileType = undefined; includeInIndex = 0; };
		48DB5F9B63034B1C92877FE6 /* RedHatDisplay-Medium.ttf */ = {isa = PBXFileReference; name = "RedHatDisplay-Medium.ttf"; path = "../src/assets/fonts/RedHatDisplay-Medium.ttf"; sourceTree = "<group>"; fileEncoding = undefined; lastKnownFileType = unknown; explicitFileType = undefined; includeInIndex = 0; };
		A32003FA3CCF485FBDE459DD /* RedHatDisplay-MediumItalic.ttf */ = {isa = PBXFileReference; name = "RedHatDisplay-MediumItalic.ttf"; path = "../src/assets/fonts/RedHatDisplay-MediumItalic.ttf"; sourceTree = "<group>"; fileEncoding = undefined; lastKnownFileType = unknown; explicitFileType = undefined; includeInIndex = 0; };
		AFE507FB3FCE48FAACD559B2 /* RedHatDisplay-Regular.ttf */ = {isa = PBXFileReference; name = "RedHatDisplay-Regular.ttf"; path = "../src/assets/fonts/RedHatDisplay-Regular.ttf"; sourceTree = "<group>"; fileEncoding = undefined; lastKnownFileType = unknown; explicitFileType = undefined; includeInIndex = 0; };
		DDCC9723582B4B4F8A6D549B /* segoeui.ttf */ = {isa = PBXFileReference; name = "segoeui.ttf"; path = "../src/assets/fonts/segoeui.ttf"; sourceTree = "<group>"; fileEncoding = undefined; lastKnownFileType = unknown; explicitFileType = undefined; includeInIndex = 0; };
		4ECE60C58240409383A3D695 /* segoeuib.ttf */ = {isa = PBXFileReference; name = "segoeuib.ttf"; path = "../src/assets/fonts/segoeuib.ttf"; sourceTree = "<group>"; fileEncoding = undefined; lastKnownFileType = unknown; explicitFileType = undefined; includeInIndex = 0; };
/* End PBXFileReference section */

/* Begin PBXFrameworksBuildPhase section */
		00E356EB1AD99517003FC87E /* Frameworks */ = {
			isa = PBXFrameworksBuildPhase;
			buildActionMask = 2147483647;
			files = (
				7699B88040F8A987B510C191 /* libPods-Circle-CircleTests.a in Frameworks */,
			);
			runOnlyForDeploymentPostprocessing = 0;
		};
		13B07F8C1A680F5B00A75B9A /* Frameworks */ = {
			isa = PBXFrameworksBuildPhase;
			buildActionMask = 2147483647;
			files = (
				0C80B921A6F3F58F76C31292 /* libPods-Circle.a in Frameworks */,
			);
			runOnlyForDeploymentPostprocessing = 0;
		};
/* End PBXFrameworksBuildPhase section */

/* Begin PBXGroup section */
		00E356EF1AD99517003FC87E /* CircleTests */ = {
			isa = PBXGroup;
			children = (
				00E356F21AD99517003FC87E /* CircleTests.m */,
				00E356F01AD99517003FC87E /* Supporting Files */,
			);
			path = CircleTests;
			sourceTree = "<group>";
		};
		00E356F01AD99517003FC87E /* Supporting Files */ = {
			isa = PBXGroup;
			children = (
				00E356F11AD99517003FC87E /* Info.plist */,
			);
			name = "Supporting Files";
			sourceTree = "<group>";
		};
		13B07FAE1A68108700A75B9A /* Circle */ = {
			isa = PBXGroup;
			children = (
				13B07FAF1A68108700A75B9A /* AppDelegate.h */,
				13B07FB01A68108700A75B9A /* AppDelegate.mm */,
				13B07FB51A68108700A75B9A /* Images.xcassets */,
				13B07FB61A68108700A75B9A /* Info.plist */,
				81AB9BB72411601600AC10FF /* LaunchScreen.storyboard */,
				13B07FB71A68108700A75B9A /* main.m */,
			);
			name = Circle;
			sourceTree = "<group>";
		};
		2D16E6871FA4F8E400B85C8A /* Frameworks */ = {
			isa = PBXGroup;
			children = (
				ED297162215061F000B7C4FE /* JavaScriptCore.framework */,
				5DCACB8F33CDC322A6C60F78 /* libPods-Circle.a */,
				19F6CBCC0A4E27FBF8BF4A61 /* libPods-Circle-CircleTests.a */,
			);
			name = Frameworks;
			sourceTree = "<group>";
		};
		832341AE1AAA6A7D00B99B32 /* Libraries */ = {
			isa = PBXGroup;
			children = (
			);
			name = Libraries;
			sourceTree = "<group>";
		};
		83CBB9F61A601CBA00E9B192 = {
			isa = PBXGroup;
			children = (
				13B07FAE1A68108700A75B9A /* Circle */,
				832341AE1AAA6A7D00B99B32 /* Libraries */,
				00E356EF1AD99517003FC87E /* CircleTests */,
				83CBBA001A601CBA00E9B192 /* Products */,
				2D16E6871FA4F8E400B85C8A /* Frameworks */,
				BBD78D7AC51CEA395F1C20DB /* Pods */,
				979EFF5776784C16A02D87C8 /* Resources */,
			);
			indentWidth = 2;
			sourceTree = "<group>";
			tabWidth = 2;
			usesTabs = 0;
		};
		83CBBA001A601CBA00E9B192 /* Products */ = {
			isa = PBXGroup;
			children = (
				13B07F961A680F5B00A75B9A /* Circle.app */,
				00E356EE1AD99517003FC87E /* CircleTests.xctest */,
			);
			name = Products;
			sourceTree = "<group>";
		};
		BBD78D7AC51CEA395F1C20DB /* Pods */ = {
			isa = PBXGroup;
			children = (
				3B4392A12AC88292D35C810B /* Pods-Circle.debug.xcconfig */,
				5709B34CF0A7D63546082F79 /* Pods-Circle.release.xcconfig */,
				5B7EB9410499542E8C5724F5 /* Pods-Circle-CircleTests.debug.xcconfig */,
				89C6BE57DB24E9ADA2F236DE /* Pods-Circle-CircleTests.release.xcconfig */,
			);
			path = Pods;
			sourceTree = "<group>";
		};
		979EFF5776784C16A02D87C8 /* Resources */ = {
			isa = "PBXGroup";
			children = (
				E9DD20E31ECB4DCAB9D771E7 /* Reality Sunday light.ttf */,
				248F45E23F954DFCBDE2BE05 /* Reality Sunday.ttf */,
				1A3065CADB6048CDB260BCEB /* RaptorV3Premium-Black.ttf */,
				FB4A66259A324BE5BF642FAE /* RaptorV3Premium-BlackSlanted.ttf */,
				4542DAACEDCF45E7A14165B6 /* RaptorV3Premium-Bold.ttf */,
				DCA8A769B508457C8F324E67 /* RaptorV3Premium-BoldSlanted.ttf */,
				07095E7BBB054E6DA7D376B8 /* RaptorV3Premium-Light.ttf */,
				3658A075A0354248846B017B /* RaptorV3Premium-LightSlanted.ttf */,
				C924F814084E492692D4206B /* RaptorV3Premium-Medium.ttf */,
				A1CB1AD09D1C47BCA55C1D85 /* RaptorV3Premium-MediumSlanted.ttf */,
				224C476764C842DEA2259553 /* RaptorV3Premium-Regular.ttf */,
				6F9DFEDF58FB49FE927F2406 /* RaptorV3Premium-RegularSlanted.ttf */,
				02874AE634DF45C486FAE84A /* RaptorV3Premium-Semibold.ttf */,
				A823C54E05414DB9A2D2D481 /* RaptorV3Premium-SemiboldSlanted.ttf */,
				D06FE20AFC9B4F848553F927 /* RedHatDisplay-Black.ttf */,
				2B8EA756BFF4453FA901DEB6 /* RedHatDisplay-BlackItalic.ttf */,
				9ACBDC175226489FAC1C1A6D /* RedHatDisplay-Bold.ttf */,
				96C35E1DE766433D96CEB768 /* RedHatDisplay-BoldItalic.ttf */,
				0E0C282F3C3D45AB8C19E97C /* RedHatDisplay-Italic.ttf */,
				48DB5F9B63034B1C92877FE6 /* RedHatDisplay-Medium.ttf */,
				A32003FA3CCF485FBDE459DD /* RedHatDisplay-MediumItalic.ttf */,
				AFE507FB3FCE48FAACD559B2 /* RedHatDisplay-Regular.ttf */,
				DDCC9723582B4B4F8A6D549B /* segoeui.ttf */,
				4ECE60C58240409383A3D695 /* segoeuib.ttf */,
			);
			name = Resources;
			sourceTree = "<group>";
			path = "";
		};
/* End PBXGroup section */

/* Begin PBXNativeTarget section */
		00E356ED1AD99517003FC87E /* CircleTests */ = {
			isa = PBXNativeTarget;
			buildConfigurationList = 00E357021AD99517003FC87E /* Build configuration list for PBXNativeTarget "CircleTests" */;
			buildPhases = (
				A55EABD7B0C7F3A422A6CC61 /* [CP] Check Pods Manifest.lock */,
				00E356EA1AD99517003FC87E /* Sources */,
				00E356EB1AD99517003FC87E /* Frameworks */,
				00E356EC1AD99517003FC87E /* Resources */,
				C59DA0FBD6956966B86A3779 /* [CP] Embed Pods Frameworks */,
				F6A41C54EA430FDDC6A6ED99 /* [CP] Copy Pods Resources */,
			);
			buildRules = (
			);
			dependencies = (
				00E356F51AD99517003FC87E /* PBXTargetDependency */,
			);
			name = CircleTests;
			productName = CircleTests;
			productReference = 00E356EE1AD99517003FC87E /* CircleTests.xctest */;
			productType = "com.apple.product-type.bundle.unit-test";
		};
		13B07F861A680F5B00A75B9A /* Circle */ = {
			isa = PBXNativeTarget;
			buildConfigurationList = 13B07F931A680F5B00A75B9A /* Build configuration list for PBXNativeTarget "Circle" */;
			buildPhases = (
				C38B50BA6285516D6DCD4F65 /* [CP] Check Pods Manifest.lock */,
				FD10A7F022414F080027D42C /* Start Packager */,
				13B07F871A680F5B00A75B9A /* Sources */,
				13B07F8C1A680F5B00A75B9A /* Frameworks */,
				13B07F8E1A680F5B00A75B9A /* Resources */,
				00DD1BFF1BD5951E006B06BC /* Bundle React Native code and images */,
				00EEFC60759A1932668264C0 /* [CP] Embed Pods Frameworks */,
				E235C05ADACE081382539298 /* [CP] Copy Pods Resources */,
			);
			buildRules = (
			);
			dependencies = (
			);
			name = Circle;
			productName = Circle;
			productReference = 13B07F961A680F5B00A75B9A /* Circle.app */;
			productType = "com.apple.product-type.application";
		};
/* End PBXNativeTarget section */

/* Begin PBXProject section */
		83CBB9F71A601CBA00E9B192 /* Project object */ = {
			isa = PBXProject;
			attributes = {
				LastUpgradeCheck = 1210;
				TargetAttributes = {
					00E356ED1AD99517003FC87E = {
						CreatedOnToolsVersion = 6.2;
						TestTargetID = 13B07F861A680F5B00A75B9A;
					};
					13B07F861A680F5B00A75B9A = {
						LastSwiftMigration = 1120;
					};
				};
			};
			buildConfigurationList = 83CBB9FA1A601CBA00E9B192 /* Build configuration list for PBXProject "Circle" */;
			compatibilityVersion = "Xcode 12.0";
			developmentRegion = en;
			hasScannedForEncodings = 0;
			knownRegions = (
				en,
				Base,
			);
			mainGroup = 83CBB9F61A601CBA00E9B192;
			productRefGroup = 83CBBA001A601CBA00E9B192 /* Products */;
			projectDirPath = "";
			projectRoot = "";
			targets = (
				13B07F861A680F5B00A75B9A /* Circle */,
				00E356ED1AD99517003FC87E /* CircleTests */,
			);
		};
/* End PBXProject section */

/* Begin PBXResourcesBuildPhase section */
		00E356EC1AD99517003FC87E /* Resources */ = {
			isa = PBXResourcesBuildPhase;
			buildActionMask = 2147483647;
			files = (
			);
			runOnlyForDeploymentPostprocessing = 0;
		};
		13B07F8E1A680F5B00A75B9A /* Resources */ = {
			isa = PBXResourcesBuildPhase;
			buildActionMask = 2147483647;
			files = (
				81AB9BB82411601600AC10FF /* LaunchScreen.storyboard in Resources */,
				13B07FBF1A68108700A75B9A /* Images.xcassets in Resources */,
				8D81CBF228034D9FB8F95CA4 /* Reality Sunday light.ttf in Resources */,
				A70329624712425B8AD31C20 /* Reality Sunday.ttf in Resources */,
				59DF4E0D55534CF5B9DF7EF2 /* RaptorV3Premium-Black.ttf in Resources */,
				D3CF64F3EAF9480DBFAF1B40 /* RaptorV3Premium-BlackSlanted.ttf in Resources */,
				F7209CE02AD94D5BB905FBA4 /* RaptorV3Premium-Bold.ttf in Resources */,
				B11DF87FC2EF4DC980A923D8 /* RaptorV3Premium-BoldSlanted.ttf in Resources */,
				57BCA8639D3E4DBCAE7B89FF /* RaptorV3Premium-Light.ttf in Resources */,
				E1ED4768C57941EEAAA9F30B /* RaptorV3Premium-LightSlanted.ttf in Resources */,
				CA939F42E7884C2CBCAB62D8 /* RaptorV3Premium-Medium.ttf in Resources */,
				8C2B9CEAAA3B454C979BD181 /* RaptorV3Premium-MediumSlanted.ttf in Resources */,
				E103DBA89CF542B7A6097FCD /* RaptorV3Premium-Regular.ttf in Resources */,
				FA6D067EE1DB42A29718B2A2 /* RaptorV3Premium-RegularSlanted.ttf in Resources */,
				41904ED45607419CBBD817DD /* RaptorV3Premium-Semibold.ttf in Resources */,
				7CC5D416586042E489FA2285 /* RaptorV3Premium-SemiboldSlanted.ttf in Resources */,
				C3BCDE44C5FE4E9B99E57EBE /* RedHatDisplay-Black.ttf in Resources */,
				F648DC732F974649A8714D6F /* RedHatDisplay-BlackItalic.ttf in Resources */,
				44ABA7D6E4B0498F82EE2BC3 /* RedHatDisplay-Bold.ttf in Resources */,
				10214B9B549C41EB81995A0C /* RedHatDisplay-BoldItalic.ttf in Resources */,
				0A9DD51771AA4EE4ADBC8D46 /* RedHatDisplay-Italic.ttf in Resources */,
				707B93594AD941C3B445831F /* RedHatDisplay-Medium.ttf in Resources */,
				3971F68C593C48F5BA46ADA9 /* RedHatDisplay-MediumItalic.ttf in Resources */,
				ADD88B0A68A14AC7942294CD /* RedHatDisplay-Regular.ttf in Resources */,
				C01297738E74432CA9F3F5AB /* segoeui.ttf in Resources */,
				3BA91210D995406BA21426B2 /* segoeuib.ttf in Resources */,
			);
			runOnlyForDeploymentPostprocessing = 0;
		};
/* End PBXResourcesBuildPhase section */

/* Begin PBXShellScriptBuildPhase section */
		00DD1BFF1BD5951E006B06BC /* Bundle React Native code and images */ = {
			isa = PBXShellScriptBuildPhase;
			buildActionMask = 2147483647;
			files = (
			);
			inputPaths = (
				"$(SRCROOT)/.xcode.env.local",
				"$(SRCROOT)/.xcode.env",
			);
			name = "Bundle React Native code and images";
			outputPaths = (
			);
			runOnlyForDeploymentPostprocessing = 0;
			shellPath = /bin/sh;
			shellScript = "set -e\n\nWITH_ENVIRONMENT=\"../node_modules/react-native/scripts/xcode/with-environment.sh\"\nREACT_NATIVE_XCODE=\"../node_modules/react-native/scripts/react-native-xcode.sh\"\n\n/bin/sh -c \"$WITH_ENVIRONMENT $REACT_NATIVE_XCODE\"\n";
		};
		00EEFC60759A1932668264C0 /* [CP] Embed Pods Frameworks */ = {
			isa = PBXShellScriptBuildPhase;
			buildActionMask = 2147483647;
			files = (
			);
			inputFileListPaths = (
				"${PODS_ROOT}/Target Support Files/Pods-Circle/Pods-Circle-frameworks-${CONFIGURATION}-input-files.xcfilelist",
			);
			name = "[CP] Embed Pods Frameworks";
			outputFileListPaths = (
				"${PODS_ROOT}/Target Support Files/Pods-Circle/Pods-Circle-frameworks-${CONFIGURATION}-output-files.xcfilelist",
			);
			runOnlyForDeploymentPostprocessing = 0;
			shellPath = /bin/sh;
			shellScript = "\"${PODS_ROOT}/Target Support Files/Pods-Circle/Pods-Circle-frameworks.sh\"\n";
			showEnvVarsInLog = 0;
		};
		A55EABD7B0C7F3A422A6CC61 /* [CP] Check Pods Manifest.lock */ = {
			isa = PBXShellScriptBuildPhase;
			buildActionMask = 2147483647;
			files = (
			);
			inputFileListPaths = (
			);
			inputPaths = (
				"${PODS_PODFILE_DIR_PATH}/Podfile.lock",
				"${PODS_ROOT}/Manifest.lock",
			);
			name = "[CP] Check Pods Manifest.lock";
			outputFileListPaths = (
			);
			outputPaths = (
				"$(DERIVED_FILE_DIR)/Pods-Circle-CircleTests-checkManifestLockResult.txt",
			);
			runOnlyForDeploymentPostprocessing = 0;
			shellPath = /bin/sh;
			shellScript = "diff \"${PODS_PODFILE_DIR_PATH}/Podfile.lock\" \"${PODS_ROOT}/Manifest.lock\" > /dev/null\nif [ $? != 0 ] ; then\n    # print error to STDERR\n    echo \"error: The sandbox is not in sync with the Podfile.lock. Run 'pod install' or update your CocoaPods installation.\" >&2\n    exit 1\nfi\n# This output is used by Xcode 'outputs' to avoid re-running this script phase.\necho \"SUCCESS\" > \"${SCRIPT_OUTPUT_FILE_0}\"\n";
			showEnvVarsInLog = 0;
		};
		C38B50BA6285516D6DCD4F65 /* [CP] Check Pods Manifest.lock */ = {
			isa = PBXShellScriptBuildPhase;
			buildActionMask = 2147483647;
			files = (
			);
			inputFileListPaths = (
			);
			inputPaths = (
				"${PODS_PODFILE_DIR_PATH}/Podfile.lock",
				"${PODS_ROOT}/Manifest.lock",
			);
			name = "[CP] Check Pods Manifest.lock";
			outputFileListPaths = (
			);
			outputPaths = (
				"$(DERIVED_FILE_DIR)/Pods-Circle-checkManifestLockResult.txt",
			);
			runOnlyForDeploymentPostprocessing = 0;
			shellPath = /bin/sh;
			shellScript = "diff \"${PODS_PODFILE_DIR_PATH}/Podfile.lock\" \"${PODS_ROOT}/Manifest.lock\" > /dev/null\nif [ $? != 0 ] ; then\n    # print error to STDERR\n    echo \"error: The sandbox is not in sync with the Podfile.lock. Run 'pod install' or update your CocoaPods installation.\" >&2\n    exit 1\nfi\n# This output is used by Xcode 'outputs' to avoid re-running this script phase.\necho \"SUCCESS\" > \"${SCRIPT_OUTPUT_FILE_0}\"\n";
			showEnvVarsInLog = 0;
		};
		C59DA0FBD6956966B86A3779 /* [CP] Embed Pods Frameworks */ = {
			isa = PBXShellScriptBuildPhase;
			buildActionMask = 2147483647;
			files = (
			);
			inputFileListPaths = (
				"${PODS_ROOT}/Target Support Files/Pods-Circle-CircleTests/Pods-Circle-CircleTests-frameworks-${CONFIGURATION}-input-files.xcfilelist",
			);
			name = "[CP] Embed Pods Frameworks";
			outputFileListPaths = (
				"${PODS_ROOT}/Target Support Files/Pods-Circle-CircleTests/Pods-Circle-CircleTests-frameworks-${CONFIGURATION}-output-files.xcfilelist",
			);
			runOnlyForDeploymentPostprocessing = 0;
			shellPath = /bin/sh;
			shellScript = "\"${PODS_ROOT}/Target Support Files/Pods-Circle-CircleTests/Pods-Circle-CircleTests-frameworks.sh\"\n";
			showEnvVarsInLog = 0;
		};
		E235C05ADACE081382539298 /* [CP] Copy Pods Resources */ = {
			isa = PBXShellScriptBuildPhase;
			buildActionMask = 2147483647;
			files = (
			);
			inputFileListPaths = (
				"${PODS_ROOT}/Target Support Files/Pods-Circle/Pods-Circle-resources-${CONFIGURATION}-input-files.xcfilelist",
			);
			name = "[CP] Copy Pods Resources";
			outputFileListPaths = (
				"${PODS_ROOT}/Target Support Files/Pods-Circle/Pods-Circle-resources-${CONFIGURATION}-output-files.xcfilelist",
			);
			runOnlyForDeploymentPostprocessing = 0;
			shellPath = /bin/sh;
			shellScript = "\"${PODS_ROOT}/Target Support Files/Pods-Circle/Pods-Circle-resources.sh\"\n";
			showEnvVarsInLog = 0;
		};
		F6A41C54EA430FDDC6A6ED99 /* [CP] Copy Pods Resources */ = {
			isa = PBXShellScriptBuildPhase;
			buildActionMask = 2147483647;
			files = (
			);
			inputFileListPaths = (
				"${PODS_ROOT}/Target Support Files/Pods-Circle-CircleTests/Pods-Circle-CircleTests-resources-${CONFIGURATION}-input-files.xcfilelist",
			);
			name = "[CP] Copy Pods Resources";
			outputFileListPaths = (
				"${PODS_ROOT}/Target Support Files/Pods-Circle-CircleTests/Pods-Circle-CircleTests-resources-${CONFIGURATION}-output-files.xcfilelist",
			);
			runOnlyForDeploymentPostprocessing = 0;
			shellPath = /bin/sh;
			shellScript = "\"${PODS_ROOT}/Target Support Files/Pods-Circle-CircleTests/Pods-Circle-CircleTests-resources.sh\"\n";
			showEnvVarsInLog = 0;
		};
		FD10A7F022414F080027D42C /* Start Packager */ = {
			isa = PBXShellScriptBuildPhase;
			buildActionMask = 2147483647;
			files = (
			);
			inputFileListPaths = (
			);
			inputPaths = (
			);
			name = "Start Packager";
			outputFileListPaths = (
			);
			outputPaths = (
			);
			runOnlyForDeploymentPostprocessing = 0;
			shellPath = /bin/sh;
			shellScript = "export RCT_METRO_PORT=\"${RCT_METRO_PORT:=8081}\"\necho \"export RCT_METRO_PORT=${RCT_METRO_PORT}\" > \"${SRCROOT}/../node_modules/react-native/scripts/.packager.env\"\nif [ -z \"${RCT_NO_LAUNCH_PACKAGER+xxx}\" ] ; then\n  if nc -w 5 -z localhost ${RCT_METRO_PORT} ; then\n    if ! curl -s \"http://localhost:${RCT_METRO_PORT}/status\" | grep -q \"packager-status:running\" ; then\n      echo \"Port ${RCT_METRO_PORT} already in use, packager is either not running or not running correctly\"\n      exit 2\n    fi\n  else\n    open \"$SRCROOT/../node_modules/react-native/scripts/launchPackager.command\" || echo \"Can't start packager automatically\"\n  fi\nfi\n";
			showEnvVarsInLog = 0;
		};
/* End PBXShellScriptBuildPhase section */

/* Begin PBXSourcesBuildPhase section */
		00E356EA1AD99517003FC87E /* Sources */ = {
			isa = PBXSourcesBuildPhase;
			buildActionMask = 2147483647;
			files = (
				00E356F31AD99517003FC87E /* CircleTests.m in Sources */,
			);
			runOnlyForDeploymentPostprocessing = 0;
		};
		13B07F871A680F5B00A75B9A /* Sources */ = {
			isa = PBXSourcesBuildPhase;
			buildActionMask = 2147483647;
			files = (
				13B07FBC1A68108700A75B9A /* AppDelegate.mm in Sources */,
				13B07FC11A68108700A75B9A /* main.m in Sources */,
			);
			runOnlyForDeploymentPostprocessing = 0;
		};
/* End PBXSourcesBuildPhase section */

/* Begin PBXTargetDependency section */
		00E356F51AD99517003FC87E /* PBXTargetDependency */ = {
			isa = PBXTargetDependency;
			target = 13B07F861A680F5B00A75B9A /* Circle */;
			targetProxy = 00E356F41AD99517003FC87E /* PBXContainerItemProxy */;
		};
/* End PBXTargetDependency section */

/* Begin XCBuildConfiguration section */
		00E356F61AD99517003FC87E /* Debug */ = {
			isa = XCBuildConfiguration;
			baseConfigurationReference = 5B7EB9410499542E8C5724F5 /* Pods-Circle-CircleTests.debug.xcconfig */;
			buildSettings = {
				BUNDLE_LOADER = "$(TEST_HOST)";
				GCC_PREPROCESSOR_DEFINITIONS = (
					"DEBUG=1",
					"$(inherited)",
				);
				INFOPLIST_FILE = CircleTests/Info.plist;
				IPHONEOS_DEPLOYMENT_TARGET = 12.4;
				LD_RUNPATH_SEARCH_PATHS = (
					"$(inherited)",
					"@executable_path/Frameworks",
					"@loader_path/Frameworks",
				);
				OTHER_LDFLAGS = (
					"-ObjC",
					"-lc++",
					"$(inherited)",
				);
				PRODUCT_BUNDLE_IDENTIFIER = "org.reactjs.native.example.$(PRODUCT_NAME:rfc1034identifier)";
				PRODUCT_NAME = "$(TARGET_NAME)";
				TEST_HOST = "$(BUILT_PRODUCTS_DIR)/Circle.app/Circle";
			};
			name = Debug;
		};
		00E356F71AD99517003FC87E /* Release */ = {
			isa = XCBuildConfiguration;
			baseConfigurationReference = 89C6BE57DB24E9ADA2F236DE /* Pods-Circle-CircleTests.release.xcconfig */;
			buildSettings = {
				BUNDLE_LOADER = "$(TEST_HOST)";
				COPY_PHASE_STRIP = NO;
				INFOPLIST_FILE = CircleTests/Info.plist;
				IPHONEOS_DEPLOYMENT_TARGET = 12.4;
				LD_RUNPATH_SEARCH_PATHS = (
					"$(inherited)",
					"@executable_path/Frameworks",
					"@loader_path/Frameworks",
				);
				OTHER_LDFLAGS = (
					"-ObjC",
					"-lc++",
					"$(inherited)",
				);
				PRODUCT_BUNDLE_IDENTIFIER = "org.reactjs.native.example.$(PRODUCT_NAME:rfc1034identifier)";
				PRODUCT_NAME = "$(TARGET_NAME)";
				TEST_HOST = "$(BUILT_PRODUCTS_DIR)/Circle.app/Circle";
			};
			name = Release;
		};
		13B07F941A680F5B00A75B9A /* Debug */ = {
			isa = XCBuildConfiguration;
			baseConfigurationReference = 3B4392A12AC88292D35C810B /* Pods-Circle.debug.xcconfig */;
			buildSettings = {
				ASSETCATALOG_COMPILER_APPICON_NAME = AppIcon;
				CLANG_ENABLE_MODULES = YES;
				CURRENT_PROJECT_VERSION = 1;
				ENABLE_BITCODE = NO;
				INFOPLIST_FILE = Circle/Info.plist;
				LD_RUNPATH_SEARCH_PATHS = (
					"$(inherited)",
					"@executable_path/Frameworks",
				);
				MARKETING_VERSION = 1.0;
				OTHER_LDFLAGS = (
					"$(inherited)",
					"-ObjC",
					"-lc++",
				);
				PRODUCT_BUNDLE_IDENTIFIER = "org.reactjs.native.example.$(PRODUCT_NAME:rfc1034identifier)";
				PRODUCT_NAME = Circle;
				SWIFT_OPTIMIZATION_LEVEL = "-Onone";
				SWIFT_VERSION = 5.0;
				VERSIONING_SYSTEM = "apple-generic";
			};
			name = Debug;
		};
		13B07F951A680F5B00A75B9A /* Release */ = {
			isa = XCBuildConfiguration;
			baseConfigurationReference = 5709B34CF0A7D63546082F79 /* Pods-Circle.release.xcconfig */;
			buildSettings = {
				ASSETCATALOG_COMPILER_APPICON_NAME = AppIcon;
				CLANG_ENABLE_MODULES = YES;
				CURRENT_PROJECT_VERSION = 1;
				INFOPLIST_FILE = Circle/Info.plist;
				LD_RUNPATH_SEARCH_PATHS = (
					"$(inherited)",
					"@executable_path/Frameworks",
				);
				MARKETING_VERSION = 1.0;
				OTHER_LDFLAGS = (
					"$(inherited)",
					"-ObjC",
					"-lc++",
				);
				PRODUCT_BUNDLE_IDENTIFIER = "org.reactjs.native.example.$(PRODUCT_NAME:rfc1034identifier)";
				PRODUCT_NAME = Circle;
				SWIFT_VERSION = 5.0;
				VERSIONING_SYSTEM = "apple-generic";
			};
			name = Release;
		};
		83CBBA201A601CBA00E9B192 /* Debug */ = {
			isa = XCBuildConfiguration;
			buildSettings = {
				ALWAYS_SEARCH_USER_PATHS = NO;
				CLANG_ANALYZER_LOCALIZABILITY_NONLOCALIZED = YES;
				CLANG_CXX_LANGUAGE_STANDARD = "c++17";
				CLANG_CXX_LIBRARY = "libc++";
				CLANG_ENABLE_MODULES = YES;
				CLANG_ENABLE_OBJC_ARC = YES;
				CLANG_WARN_BLOCK_CAPTURE_AUTORELEASING = YES;
				CLANG_WARN_BOOL_CONVERSION = YES;
				CLANG_WARN_COMMA = YES;
				CLANG_WARN_CONSTANT_CONVERSION = YES;
				CLANG_WARN_DEPRECATED_OBJC_IMPLEMENTATIONS = YES;
				CLANG_WARN_DIRECT_OBJC_ISA_USAGE = YES_ERROR;
				CLANG_WARN_EMPTY_BODY = YES;
				CLANG_WARN_ENUM_CONVERSION = YES;
				CLANG_WARN_INFINITE_RECURSION = YES;
				CLANG_WARN_INT_CONVERSION = YES;
				CLANG_WARN_NON_LITERAL_NULL_CONVERSION = YES;
				CLANG_WARN_OBJC_IMPLICIT_RETAIN_SELF = YES;
				CLANG_WARN_OBJC_LITERAL_CONVERSION = YES;
				CLANG_WARN_OBJC_ROOT_CLASS = YES_ERROR;
				CLANG_WARN_QUOTED_INCLUDE_IN_FRAMEWORK_HEADER = YES;
				CLANG_WARN_RANGE_LOOP_ANALYSIS = YES;
				CLANG_WARN_STRICT_PROTOTYPES = YES;
				CLANG_WARN_SUSPICIOUS_MOVE = YES;
				CLANG_WARN_UNREACHABLE_CODE = YES;
				CLANG_WARN__DUPLICATE_METHOD_MATCH = YES;
				"CODE_SIGN_IDENTITY[sdk=iphoneos*]" = "iPhone Developer";
				COPY_PHASE_STRIP = NO;
				ENABLE_STRICT_OBJC_MSGSEND = YES;
				ENABLE_TESTABILITY = YES;
				"EXCLUDED_ARCHS[sdk=iphonesimulator*]" = "";
				GCC_C_LANGUAGE_STANDARD = gnu99;
				GCC_DYNAMIC_NO_PIC = NO;
				GCC_NO_COMMON_BLOCKS = YES;
				GCC_OPTIMIZATION_LEVEL = 0;
				GCC_PREPROCESSOR_DEFINITIONS = (
					"DEBUG=1",
					"$(inherited)",
				);
				GCC_SYMBOLS_PRIVATE_EXTERN = NO;
				GCC_WARN_64_TO_32_BIT_CONVERSION = YES;
				GCC_WARN_ABOUT_RETURN_TYPE = YES_ERROR;
				GCC_WARN_UNDECLARED_SELECTOR = YES;
				GCC_WARN_UNINITIALIZED_AUTOS = YES_AGGRESSIVE;
				GCC_WARN_UNUSED_FUNCTION = YES;
				GCC_WARN_UNUSED_VARIABLE = YES;
				IPHONEOS_DEPLOYMENT_TARGET = 12.4;
				LD_RUNPATH_SEARCH_PATHS = (
					/usr/lib/swift,
					"$(inherited)",
				);
				LIBRARY_SEARCH_PATHS = (
					"\"$(SDKROOT)/usr/lib/swift\"",
					"\"$(TOOLCHAIN_DIR)/usr/lib/swift/$(PLATFORM_NAME)\"",
					"\"$(inherited)\"",
				);
				MTL_ENABLE_DEBUG_INFO = YES;
				ONLY_ACTIVE_ARCH = YES;
				OTHER_CPLUSPLUSFLAGS = (
					"$(OTHER_CFLAGS)",
					"-DFOLLY_NO_CONFIG",
					"-DFOLLY_MOBILE=1",
					"-DFOLLY_USE_LIBCPP=1",
				);
				SDKROOT = iphoneos;
			};
			name = Debug;
		};
		83CBBA211A601CBA00E9B192 /* Release */ = {
			isa = XCBuildConfiguration;
			buildSettings = {
				ALWAYS_SEARCH_USER_PATHS = NO;
				CLANG_ANALYZER_LOCALIZABILITY_NONLOCALIZED = YES;
				CLANG_CXX_LANGUAGE_STANDARD = "c++17";
				CLANG_CXX_LIBRARY = "libc++";
				CLANG_ENABLE_MODULES = YES;
				CLANG_ENABLE_OBJC_ARC = YES;
				CLANG_WARN_BLOCK_CAPTURE_AUTORELEASING = YES;
				CLANG_WARN_BOOL_CONVERSION = YES;
				CLANG_WARN_COMMA = YES;
				CLANG_WARN_CONSTANT_CONVERSION = YES;
				CLANG_WARN_DEPRECATED_OBJC_IMPLEMENTATIONS = YES;
				CLANG_WARN_DIRECT_OBJC_ISA_USAGE = YES_ERROR;
				CLANG_WARN_EMPTY_BODY = YES;
				CLANG_WARN_ENUM_CONVERSION = YES;
				CLANG_WARN_INFINITE_RECURSION = YES;
				CLANG_WARN_INT_CONVERSION = YES;
				CLANG_WARN_NON_LITERAL_NULL_CONVERSION = YES;
				CLANG_WARN_OBJC_IMPLICIT_RETAIN_SELF = YES;
				CLANG_WARN_OBJC_LITERAL_CONVERSION = YES;
				CLANG_WARN_OBJC_ROOT_CLASS = YES_ERROR;
				CLANG_WARN_QUOTED_INCLUDE_IN_FRAMEWORK_HEADER = YES;
				CLANG_WARN_RANGE_LOOP_ANALYSIS = YES;
				CLANG_WARN_STRICT_PROTOTYPES = YES;
				CLANG_WARN_SUSPICIOUS_MOVE = YES;
				CLANG_WARN_UNREACHABLE_CODE = YES;
				CLANG_WARN__DUPLICATE_METHOD_MATCH = YES;
				"CODE_SIGN_IDENTITY[sdk=iphoneos*]" = "iPhone Developer";
				COPY_PHASE_STRIP = YES;
				ENABLE_NS_ASSERTIONS = NO;
				ENABLE_STRICT_OBJC_MSGSEND = YES;
				"EXCLUDED_ARCHS[sdk=iphonesimulator*]" = "";
				GCC_C_LANGUAGE_STANDARD = gnu99;
				GCC_NO_COMMON_BLOCKS = YES;
				GCC_WARN_64_TO_32_BIT_CONVERSION = YES;
				GCC_WARN_ABOUT_RETURN_TYPE = YES_ERROR;
				GCC_WARN_UNDECLARED_SELECTOR = YES;
				GCC_WARN_UNINITIALIZED_AUTOS = YES_AGGRESSIVE;
				GCC_WARN_UNUSED_FUNCTION = YES;
				GCC_WARN_UNUSED_VARIABLE = YES;
				IPHONEOS_DEPLOYMENT_TARGET = 12.4;
				LD_RUNPATH_SEARCH_PATHS = (
					/usr/lib/swift,
					"$(inherited)",
				);
				LIBRARY_SEARCH_PATHS = (
					"\"$(SDKROOT)/usr/lib/swift\"",
					"\"$(TOOLCHAIN_DIR)/usr/lib/swift/$(PLATFORM_NAME)\"",
					"\"$(inherited)\"",
				);
				MTL_ENABLE_DEBUG_INFO = NO;
				OTHER_CPLUSPLUSFLAGS = (
					"$(OTHER_CFLAGS)",
					"-DFOLLY_NO_CONFIG",
					"-DFOLLY_MOBILE=1",
					"-DFOLLY_USE_LIBCPP=1",
				);
				SDKROOT = iphoneos;
				VALIDATE_PRODUCT = YES;
			};
			name = Release;
		};
/* End XCBuildConfiguration section */

/* Begin XCConfigurationList section */
		00E357021AD99517003FC87E /* Build configuration list for PBXNativeTarget "CircleTests" */ = {
			isa = XCConfigurationList;
			buildConfigurations = (
				00E356F61AD99517003FC87E /* Debug */,
				00E356F71AD99517003FC87E /* Release */,
			);
			defaultConfigurationIsVisible = 0;
			defaultConfigurationName = Release;
		};
		13B07F931A680F5B00A75B9A /* Build configuration list for PBXNativeTarget "Circle" */ = {
			isa = XCConfigurationList;
			buildConfigurations = (
				13B07F941A680F5B00A75B9A /* Debug */,
				13B07F951A680F5B00A75B9A /* Release */,
			);
			defaultConfigurationIsVisible = 0;
			defaultConfigurationName = Release;
		};
		83CBB9FA1A601CBA00E9B192 /* Build configuration list for PBXProject "Circle" */ = {
			isa = XCConfigurationList;
			buildConfigurations = (
				83CBBA201A601CBA00E9B192 /* Debug */,
				83CBBA211A601CBA00E9B192 /* Release */,
			);
			defaultConfigurationIsVisible = 0;
			defaultConfigurationName = Release;
		};
/* End XCConfigurationList section */
	};
	rootObject = 83CBB9F71A601CBA00E9B192 /* Project object */;
}
